// !$*UTF8*$!
{
	archiveVersion = 1;
	classes = {
	};
	objectVersion = 56;
	objects = {

/* Begin PBXBuildFile section */
		5C879A112CAB66A20047AC9B /* AppDelegate.swift in Sources */ = {isa = PBXBuildFile; fileRef = 5C879A102CAB66A20047AC9B /* AppDelegate.swift */; };
		5C879A132CAB66A20047AC9B /* GameViewController.swift in Sources */ = {isa = PBXBuildFile; fileRef = 5C879A122CAB66A20047AC9B /* GameViewController.swift */; };
		5C879A162CAB66A20047AC9B /* Main.storyboard in Resources */ = {isa = PBXBuildFile; fileRef = 5C879A142CAB66A20047AC9B /* Main.storyboard */; };
		5C879A192CAB66A20047AC9B /* LaunchScreen.storyboard in Resources */ = {isa = PBXBuildFile; fileRef = 5C879A172CAB66A20047AC9B /* LaunchScreen.storyboard */; };
		5C879A1A2CAB66A20047AC9B /* Actions.sks in Resources */ = {isa = PBXBuildFile; fileRef = 5C879A052CAB66A10047AC9B /* Actions.sks */; };
		5C879A1B2CAB66A20047AC9B /* GameScene.sks in Resources */ = {isa = PBXBuildFile; fileRef = 5C879A062CAB66A10047AC9B /* GameScene.sks */; };
		5C879A1C2CAB66A20047AC9B /* GameScene.swift in Sources */ = {isa = PBXBuildFile; fileRef = 5C879A072CAB66A10047AC9B /* GameScene.swift */; };
		5C879A1D2CAB66A20047AC9B /* Assets.xcassets in Resources */ = {isa = PBXBuildFile; fileRef = 5C879A082CAB66A20047AC9B /* Assets.xcassets */; };
/* End PBXBuildFile section */

/* Begin PBXFileReference section */
		5C879A052CAB66A10047AC9B /* Actions.sks */ = {isa = PBXFileReference; lastKnownFileType = file.sks; path = Actions.sks; sourceTree = "<group>"; };
		5C879A062CAB66A10047AC9B /* GameScene.sks */ = {isa = PBXFileReference; lastKnownFileType = file.sks; path = GameScene.sks; sourceTree = "<group>"; };
		5C879A072CAB66A10047AC9B /* GameScene.swift */ = {isa = PBXFileReference; lastKnownFileType = sourcecode.swift; path = GameScene.swift; sourceTree = "<group>"; };
		5C879A082CAB66A20047AC9B /* Assets.xcassets */ = {isa = PBXFileReference; lastKnownFileType = folder.assetcatalog; path = Assets.xcassets; sourceTree = "<group>"; };
		5C879A0D2CAB66A20047AC9B /* Space_Project.app */ = {isa = PBXFileReference; explicitFileType = wrapper.application; includeInIndex = 0; path = Space_Project.app; sourceTree = BUILT_PRODUCTS_DIR; };
		5C879A102CAB66A20047AC9B /* AppDelegate.swift */ = {isa = PBXFileReference; lastKnownFileType = sourcecode.swift; path = AppDelegate.swift; sourceTree = "<group>"; };
		5C879A122CAB66A20047AC9B /* GameViewController.swift */ = {isa = PBXFileReference; lastKnownFileType = sourcecode.swift; path = GameViewController.swift; sourceTree = "<group>"; };
		5C879A152CAB66A20047AC9B /* Base */ = {isa = PBXFileReference; lastKnownFileType = file.storyboard; name = Base; path = Base.lproj/Main.storyboard; sourceTree = "<group>"; };
		5C879A182CAB66A20047AC9B /* Base */ = {isa = PBXFileReference; lastKnownFileType = file.storyboard; name = Base; path = Base.lproj/LaunchScreen.storyboard; sourceTree = "<group>"; };
/* End PBXFileReference section */

/* Begin PBXFrameworksBuildPhase section */
		5C879A0A2CAB66A20047AC9B /* Frameworks */ = {
			isa = PBXFrameworksBuildPhase;
			buildActionMask = 2147483647;
			files = (
			);
			runOnlyForDeploymentPostprocessing = 0;
		};
/* End PBXFrameworksBuildPhase section */

/* Begin PBXGroup section */
		5C8799FF2CAB66A10047AC9B = {
			isa = PBXGroup;
			children = (
				5C879A042CAB66A10047AC9B /* Space_Project Shared */,
				5C879A0F2CAB66A20047AC9B /* Space_Project iOS */,
				5C879A0E2CAB66A20047AC9B /* Products */,
			);
			sourceTree = "<group>";
		};
		5C879A042CAB66A10047AC9B /* Space_Project Shared */ = {
			isa = PBXGroup;
			children = (
				5C879A052CAB66A10047AC9B /* Actions.sks */,
				5C879A062CAB66A10047AC9B /* GameScene.sks */,
				5C879A072CAB66A10047AC9B /* GameScene.swift */,
				5C879A082CAB66A20047AC9B /* Assets.xcassets */,
			);
			path = "Space_Project Shared";
			sourceTree = "<group>";
		};
		5C879A0E2CAB66A20047AC9B /* Products */ = {
			isa = PBXGroup;
			children = (
				5C879A0D2CAB66A20047AC9B /* Space_Project.app */,
			);
			name = Products;
			sourceTree = "<group>";
		};
		5C879A0F2CAB66A20047AC9B /* Space_Project iOS */ = {
			isa = PBXGroup;
			children = (
				5C879A102CAB66A20047AC9B /* AppDelegate.swift */,
				5C879A122CAB66A20047AC9B /* GameViewController.swift */,
				5C879A142CAB66A20047AC9B /* Main.storyboard */,
				5C879A172CAB66A20047AC9B /* LaunchScreen.storyboard */,
			);
			path = "Space_Project iOS";
			sourceTree = "<group>";
		};
/* End PBXGroup section */

/* Begin PBXNativeTarget section */
		5C879A0C2CAB66A20047AC9B /* Space_Project iOS */ = {
			isa = PBXNativeTarget;
			buildConfigurationList = 5C879A202CAB66A20047AC9B /* Build configuration list for PBXNativeTarget "Space_Project iOS" */;
			buildPhases = (
				5C879A092CAB66A20047AC9B /* Sources */,
				5C879A0A2CAB66A20047AC9B /* Frameworks */,
				5C879A0B2CAB66A20047AC9B /* Resources */,
			);
			buildRules = (
			);
			dependencies = (
			);
			name = "Space_Project iOS";
			productName = "Space_Project iOS";
			productReference = 5C879A0D2CAB66A20047AC9B /* Space_Project.app */;
			productType = "com.apple.product-type.application";
		};
/* End PBXNativeTarget section */

/* Begin PBXProject section */
		5C879A002CAB66A10047AC9B /* Project object */ = {
			isa = PBXProject;
			attributes = {
				BuildIndependentTargetsInParallel = 1;
				LastSwiftUpdateCheck = 1430;
				LastUpgradeCheck = 1430;
				TargetAttributes = {
					5C879A0C2CAB66A20047AC9B = {
						CreatedOnToolsVersion = 14.3.1;
					};
				};
			};
			buildConfigurationList = 5C879A032CAB66A10047AC9B /* Build configuration list for PBXProject "Space_Project" */;
			compatibilityVersion = "Xcode 14.0";
			developmentRegion = en;
			hasScannedForEncodings = 0;
			knownRegions = (
				en,
				Base,
			);
			mainGroup = 5C8799FF2CAB66A10047AC9B;
			productRefGroup = 5C879A0E2CAB66A20047AC9B /* Products */;
			projectDirPath = "";
			projectRoot = "";
			targets = (
				5C879A0C2CAB66A20047AC9B /* Space_Project iOS */,
			);
		};
/* End PBXProject section */

/* Begin PBXResourcesBuildPhase section */
		5C879A0B2CAB66A20047AC9B /* Resources */ = {
			isa = PBXResourcesBuildPhase;
			buildActionMask = 2147483647;
			files = (
				5C879A1B2CAB66A20047AC9B /* GameScene.sks in Resources */,
				5C879A162CAB66A20047AC9B /* Main.storyboard in Resources */,
				5C879A1A2CAB66A20047AC9B /* Actions.sks in Resources */,
				5C879A192CAB66A20047AC9B /* LaunchScreen.storyboard in Resources */,
				5C879A1D2CAB66A20047AC9B /* Assets.xcassets in Resources */,
			);
			runOnlyForDeploymentPostprocessing = 0;
		};
/* End PBXResourcesBuildPhase section */

/* Begin PBXSourcesBuildPhase section */
		5C879A092CAB66A20047AC9B /* Sources */ = {
			isa = PBXSourcesBuildPhase;
			buildActionMask = 2147483647;
			files = (
				5C879A1C2CAB66A20047AC9B /* GameScene.swift in Sources */,
				5C879A132CAB66A20047AC9B /* GameViewController.swift in Sources */,
				5C879A112CAB66A20047AC9B /* AppDelegate.swift in Sources */,
			);
			runOnlyForDeploymentPostprocessing = 0;
		};
/* End PBXSourcesBuildPhase section */

/* Begin PBXVariantGroup section */
		5C879A142CAB66A20047AC9B /* Main.storyboard */ = {
			isa = PBXVariantGroup;
			children = (
				5C879A152CAB66A20047AC9B /* Base */,
			);
			name = Main.storyboard;
			sourceTree = "<group>";
		};
		5C879A172CAB66A20047AC9B /* LaunchScreen.storyboard */ = {
			isa = PBXVariantGroup;
			children = (
				5C879A182CAB66A20047AC9B /* Base */,
			);
			name = LaunchScreen.storyboard;
			sourceTree = "<group>";
		};
/* End PBXVariantGroup section */

/* Begin XCBuildConfiguration section */
		5C879A1E2CAB66A20047AC9B /* Debug */ = {
			isa = XCBuildConfiguration;
			buildSettings = {
				ALWAYS_SEARCH_USER_PATHS = NO;
				CLANG_ANALYZER_NONNULL = YES;
				CLANG_ANALYZER_NUMBER_OBJECT_CONVERSION = YES_AGGRESSIVE;
				CLANG_CXX_LANGUAGE_STANDARD = "gnu++20";
				CLANG_ENABLE_MODULES = YES;
				CLANG_ENABLE_OBJC_ARC = YES;
				CLANG_ENABLE_OBJC_WEAK = YES;
				CLANG_WARN_BLOCK_CAPTURE_AUTORELEASING = YES;
				CLANG_WARN_BOOL_CONVERSION = YES;
				CLANG_WARN_COMMA = YES;
				CLANG_WARN_CONSTANT_CONVERSION = YES;
				CLANG_WARN_DEPRECATED_OBJC_IMPLEMENTATIONS = YES;
				CLANG_WARN_DIRECT_OBJC_ISA_USAGE = YES_ERROR;
				CLANG_WARN_DOCUMENTATION_COMMENTS = YES;
				CLANG_WARN_EMPTY_BODY = YES;
				CLANG_WARN_ENUM_CONVERSION = YES;
				CLANG_WARN_INFINITE_RECURSION = YES;
				CLANG_WARN_INT_CONVERSION = YES;
				CLANG_WARN_NON_LITERAL_NULL_CONVERSION = YES;
				CLANG_WARN_OBJC_IMPLICIT_RETAIN_SELF = YES;
				CLANG_WARN_OBJC_LITERAL_CONVERSION = YES;
				CLANG_WARN_OBJC_ROOT_CLASS = YES_ERROR;
				CLANG_WARN_QUOTED_INCLUDE_IN_FRAMEWORK_HEADER = YES;
				CLANG_WARN_RANGE_LOOP_ANALYSIS = YES;
				CLANG_WARN_STRICT_PROTOTYPES = YES;
				CLANG_WARN_SUSPICIOUS_MOVE = YES;
				CLANG_WARN_UNGUARDED_AVAILABILITY = YES_AGGRESSIVE;
				CLANG_WARN_UNREACHABLE_CODE = YES;
				CLANG_WARN__DUPLICATE_METHOD_MATCH = YES;
				COPY_PHASE_STRIP = NO;
				DEBUG_INFORMATION_FORMAT = dwarf;
				ENABLE_STRICT_OBJC_MSGSEND = YES;
				ENABLE_TESTABILITY = YES;
				GCC_C_LANGUAGE_STANDARD = gnu11;
				GCC_DYNAMIC_NO_PIC = NO;
				GCC_NO_COMMON_BLOCKS = YES;
				GCC_OPTIMIZATION_LEVEL = 0;
				GCC_PREPROCESSOR_DEFINITIONS = (
					"DEBUG=1",
					"$(inherited)",
				);
				GCC_WARN_64_TO_32_BIT_CONVERSION = YES;
				GCC_WARN_ABOUT_RETURN_TYPE = YES_ERROR;
				GCC_WARN_UNDECLARED_SELECTOR = YES;
				GCC_WARN_UNINITIALIZED_AUTOS = YES_AGGRESSIVE;
				GCC_WARN_UNUSED_FUNCTION = YES;
				GCC_WARN_UNUSED_VARIABLE = YES;
				MTL_ENABLE_DEBUG_INFO = INCLUDE_SOURCE;
				MTL_FAST_MATH = YES;
				ONLY_ACTIVE_ARCH = YES;
				SWIFT_ACTIVE_COMPILATION_CONDITIONS = DEBUG;
				SWIFT_OPTIMIZATION_LEVEL = "-Onone";
			};
			name = Debug;
		};
		5C879A1F2CAB66A20047AC9B /* Release */ = {
			isa = XCBuildConfiguration;
			buildSettings = {
				ALWAYS_SEARCH_USER_PATHS = NO;
				CLANG_ANALYZER_NONNULL = YES;
				CLANG_ANALYZER_NUMBER_OBJECT_CONVERSION = YES_AGGRESSIVE;
				CLANG_CXX_LANGUAGE_STANDARD = "gnu++20";
				CLANG_ENABLE_MODULES = YES;
				CLANG_ENABLE_OBJC_ARC = YES;
				CLANG_ENABLE_OBJC_WEAK = YES;
				CLANG_WARN_BLOCK_CAPTURE_AUTORELEASING = YES;
				CLANG_WARN_BOOL_CONVERSION = YES;
				CLANG_WARN_COMMA = YES;
				CLANG_WARN_CONSTANT_CONVERSION = YES;
				CLANG_WARN_DEPRECATED_OBJC_IMPLEMENTATIONS = YES;
				CLANG_WARN_DIRECT_OBJC_ISA_USAGE = YES_ERROR;
				CLANG_WARN_DOCUMENTATION_COMMENTS = YES;
				CLANG_WARN_EMPTY_BODY = YES;
				CLANG_WARN_ENUM_CONVERSION = YES;
				CLANG_WARN_INFINITE_RECURSION = YES;
				CLANG_WARN_INT_CONVERSION = YES;
				CLANG_WARN_NON_LITERAL_NULL_CONVERSION = YES;
				CLANG_WARN_OBJC_IMPLICIT_RETAIN_SELF = YES;
				CLANG_WARN_OBJC_LITERAL_CONVERSION = YES;
				CLANG_WARN_OBJC_ROOT_CLASS = YES_ERROR;
				CLANG_WARN_QUOTED_INCLUDE_IN_FRAMEWORK_HEADER = YES;
				CLANG_WARN_RANGE_LOOP_ANALYSIS = YES;
				CLANG_WARN_STRICT_PROTOTYPES = YES;
				CLANG_WARN_SUSPICIOUS_MOVE = YES;
				CLANG_WARN_UNGUARDED_AVAILABILITY = YES_AGGRESSIVE;
				CLANG_WARN_UNREACHABLE_CODE = YES;
				CLANG_WARN__DUPLICATE_METHOD_MATCH = YES;
				COPY_PHASE_STRIP = NO;
				DEBUG_INFORMATION_FORMAT = "dwarf-with-dsym";
				ENABLE_NS_ASSERTIONS = NO;
				ENABLE_STRICT_OBJC_MSGSEND = YES;
				GCC_C_LANGUAGE_STANDARD = gnu11;
				GCC_NO_COMMON_BLOCKS = YES;
				GCC_WARN_64_TO_32_BIT_CONVERSION = YES;
				GCC_WARN_ABOUT_RETURN_TYPE = YES_ERROR;
				GCC_WARN_UNDECLARED_SELECTOR = YES;
				GCC_WARN_UNINITIALIZED_AUTOS = YES_AGGRESSIVE;
				GCC_WARN_UNUSED_FUNCTION = YES;
				GCC_WARN_UNUSED_VARIABLE = YES;
				MTL_ENABLE_DEBUG_INFO = NO;
				MTL_FAST_MATH = YES;
				SWIFT_COMPILATION_MODE = wholemodule;
				SWIFT_OPTIMIZATION_LEVEL = "-O";
			};
			name = Release;
		};
		5C879A212CAB66A20047AC9B /* Debug */ = {
			isa = XCBuildConfiguration;
			buildSettings = {
				ASSETCATALOG_COMPILER_APPICON_NAME = AppIcon;
				ASSETCATALOG_COMPILER_GLOBAL_ACCENT_COLOR_NAME = AccentColor;
				CODE_SIGN_STYLE = Automatic;
				CURRENT_PROJECT_VERSION = 1;
				GENERATE_INFOPLIST_FILE = YES;
				INFOPLIST_KEY_LSApplicationCategoryType = "public.app-category.action-games";
				INFOPLIST_KEY_UIApplicationSupportsIndirectInputEvents = YES;
				INFOPLIST_KEY_UILaunchStoryboardName = LaunchScreen;
				INFOPLIST_KEY_UIMainStoryboardFile = Main;
				INFOPLIST_KEY_UIStatusBarHidden = YES;
				INFOPLIST_KEY_UISupportedInterfaceOrientations = UIInterfaceOrientationLandscapeLeft;
				IPHONEOS_DEPLOYMENT_TARGET = 16.4;
				LD_RUNPATH_SEARCH_PATHS = (
					"$(inherited)",
					"@executable_path/Frameworks",
				);
				MARKETING_VERSION = 1.0;
				PRODUCT_BUNDLE_IDENTIFIER = "Burroughs.Space-Project";
				PRODUCT_NAME = Space_Project;
				SDKROOT = iphoneos;
				SWIFT_EMIT_LOC_STRINGS = YES;
				SWIFT_VERSION = 5.0;
				TARGETED_DEVICE_FAMILY = "1,2";
			};
			name = Debug;
		};
		5C879A222CAB66A20047AC9B /* Release */ = {
			isa = XCBuildConfiguration;
			buildSettings = {
				ASSETCATALOG_COMPILER_APPICON_NAME = AppIcon;
				ASSETCATALOG_COMPILER_GLOBAL_ACCENT_COLOR_NAME = AccentColor;
				CODE_SIGN_STYLE = Automatic;
				CURRENT_PROJECT_VERSION = 1;
				GENERATE_INFOPLIST_FILE = YES;
				INFOPLIST_KEY_LSApplicationCategoryType = "public.app-category.action-games";
				INFOPLIST_KEY_UIApplicationSupportsIndirectInputEvents = YES;
				INFOPLIST_KEY_UILaunchStoryboardName = LaunchScreen;
				INFOPLIST_KEY_UIMainStoryboardFile = Main;
				INFOPLIST_KEY_UIStatusBarHidden = YES;
				INFOPLIST_KEY_UISupportedInterfaceOrientations = UIInterfaceOrientationLandscapeLeft;
				IPHONEOS_DEPLOYMENT_TARGET = 16.4;
				LD_RUNPATH_SEARCH_PATHS = (
					"$(inherited)",
					"@executable_path/Frameworks",
				);
				MARKETING_VERSION = 1.0;
				PRODUCT_BUNDLE_IDENTIFIER = "Burroughs.Space-Project";
				PRODUCT_NAME = Space_Project;
				SDKROOT = iphoneos;
				SWIFT_EMIT_LOC_STRINGS = YES;
				SWIFT_VERSION = 5.0;
				TARGETED_DEVICE_FAMILY = "1,2";
				VALIDATE_PRODUCT = YES;
			};
			name = Release;
		};
/* End XCBuildConfiguration section */

/* Begin XCConfigurationList section */
		5C879A032CAB66A10047AC9B /* Build configuration list for PBXProject "Space_Project" */ = {
			isa = XCConfigurationList;
			buildConfigurations = (
				5C879A1E2CAB66A20047AC9B /* Debug */,
				5C879A1F2CAB66A20047AC9B /* Release */,
			);
			defaultConfigurationIsVisible = 0;
			defaultConfigurationName = Release;
		};
		5C879A202CAB66A20047AC9B /* Build configuration list for PBXNativeTarget "Space_Project iOS" */ = {
			isa = XCConfigurationList;
			buildConfigurations = (
				5C879A212CAB66A20047AC9B /* Debug */,
				5C879A222CAB66A20047AC9B /* Release */,
			);
			defaultConfigurationIsVisible = 0;
			defaultConfigurationName = Release;
		};
/* End XCConfigurationList section */
	};
	rootObject = 5C879A002CAB66A10047AC9B /* Project object */;
}
